
Microsoft Visual Studio Solution File, Format Version 12.00
# Visual Studio Version 16
VisualStudioVersion = 16.0.31729.503
MinimumVisualStudioVersion = 10.0.40219.1
Project("{FAE04EC0-301F-11D3-BF4B-00C04F79EFBC}") = "DoAn", "DoAn\DoAn.csproj", "{132C5DF8-5FD9-4CA7-98A0-FA8E8A5A850A}"
EndProject
Global
	GlobalSection(SolutionConfigurationPlatforms) = preSolution
		Debug|Any CPU = Debug|Any CPU
		Release|Any CPU = Release|Any CPU
	EndGlobalSection
	GlobalSection(ProjectConfigurationPlatforms) = postSolution
		{132C5DF8-5FD9-4CA7-98A0-FA8E8A5A850A}.Debug|Any CPU.ActiveCfg = Debug|Any CPU
		{132C5DF8-5FD9-4CA7-98A0-FA8E8A5A850A}.Debug|Any CPU.Build.0 = Debug|Any CPU
		{132C5DF8-5FD9-4CA7-98A0-FA8E8A5A850A}.Release|Any CPU.ActiveCfg = Release|Any CPU
		{132C5DF8-5FD9-4CA7-98A0-FA8E8A5A850A}.Release|Any CPU.Build.0 = Release|Any CPU
	EndGlobalSection
	GlobalSection(SolutionProperties) = preSolution
		HideSolutionNode = FALSE
	EndGlobalSection
	GlobalSection(ExtensibilityGlobals) = postSolution
		SolutionGuid = {02D479E4-3BF7-444A-A280-46C04BA9E821}
	EndGlobalSection
EndGlobal
